
Microsoft Visual Studio Solution File, Format Version 12.00
# Visual Studio Version 16
VisualStudioVersion = 16.0.31004.235
MinimumVisualStudioVersion = 10.0.40219.1
Project("{FAE04EC0-301F-11D3-BF4B-00C04F79EFBC}") = "Autumn.ConsoleApp", "Autumn.ConsoleApp\Autumn.ConsoleApp.csproj", "{265B42DE-9ECB-4798-9D1C-A693F7558E2E}"
EndProject
Project("{FAE04EC0-301F-11D3-BF4B-00C04F79EFBC}") = "Autumn.Api", "Autumn.Api\Autumn.Api.csproj", "{7CF94D02-7B76-4172-B549-773A17F4F6F9}"
EndProject
Global
	GlobalSection(SolutionConfigurationPlatforms) = preSolution
		Debug|Any CPU = Debug|Any CPU
		Release|Any CPU = Release|Any CPU
	EndGlobalSection
	GlobalSection(ProjectConfigurationPlatforms) = postSolution
		{265B42DE-9ECB-4798-9D1C-A693F7558E2E}.Debug|Any CPU.ActiveCfg = Debug|Any CPU
		{265B42DE-9ECB-4798-9D1C-A693F7558E2E}.Debug|Any CPU.Build.0 = Debug|Any CPU
		{265B42DE-9ECB-4798-9D1C-A693F7558E2E}.Release|Any CPU.ActiveCfg = Release|Any CPU
		{265B42DE-9ECB-4798-9D1C-A693F7558E2E}.Release|Any CPU.Build.0 = Release|Any CPU
		{7CF94D02-7B76-4172-B549-773A17F4F6F9}.Debug|Any CPU.ActiveCfg = Debug|Any CPU
		{7CF94D02-7B76-4172-B549-773A17F4F6F9}.Debug|Any CPU.Build.0 = Debug|Any CPU
		{7CF94D02-7B76-4172-B549-773A17F4F6F9}.Release|Any CPU.ActiveCfg = Release|Any CPU
		{7CF94D02-7B76-4172-B549-773A17F4F6F9}.Release|Any CPU.Build.0 = Release|Any CPU
	EndGlobalSection
	GlobalSection(SolutionProperties) = preSolution
		HideSolutionNode = FALSE
	EndGlobalSection
	GlobalSection(ExtensibilityGlobals) = postSolution
		SolutionGuid = {0FFED101-2E8C-4B1D-91A9-3DA6785EDBEB}
	EndGlobalSection
EndGlobal
